
Microsoft Visual Studio Solution File, Format Version 12.00
# Visual Studio Version 16
VisualStudioVersion = 16.0.30413.136
MinimumVisualStudioVersion = 10.0.40219.1
Project("{9A19103F-16F7-4668-BE54-9A1E7A4F7556}") = "UcsdCapeScraper", "UcsdCapeScraper\UcsdCapeScraper.csproj", "{08F48FF7-5E10-453E-A069-8F67814DA788}"
EndProject
Project("{2150E333-8FDC-42A3-9474-1A3956D46DE8}") = "Solution Items", "Solution Items", "{2149587B-A4EE-479A-9AB2-E8585C14C5E2}"
	ProjectSection(SolutionItems) = preProject
		.gitignore = .gitignore
		README.md = README.md
	EndProjectSection
EndProject
Global
	GlobalSection(SolutionConfigurationPlatforms) = preSolution
		Debug|Any CPU = Debug|Any CPU
		Release|Any CPU = Release|Any CPU
	EndGlobalSection
	GlobalSection(ProjectConfigurationPlatforms) = postSolution
		{08F48FF7-5E10-453E-A069-8F67814DA788}.Debug|Any CPU.ActiveCfg = Debug|Any CPU
		{08F48FF7-5E10-453E-A069-8F67814DA788}.Debug|Any CPU.Build.0 = Debug|Any CPU
		{08F48FF7-5E10-453E-A069-8F67814DA788}.Release|Any CPU.ActiveCfg = Release|Any CPU
		{08F48FF7-5E10-453E-A069-8F67814DA788}.Release|Any CPU.Build.0 = Release|Any CPU
	EndGlobalSection
	GlobalSection(SolutionProperties) = preSolution
		HideSolutionNode = FALSE
	EndGlobalSection
	GlobalSection(ExtensibilityGlobals) = postSolution
		SolutionGuid = {37171DD2-FFF1-4DE6-A501-5853B1F60DAE}
	EndGlobalSection
EndGlobal
